
Microsoft Visual Studio Solution File, Format Version 12.00
# Visual Studio Version 16
VisualStudioVersion = 16.0.29411.108
MinimumVisualStudioVersion = 10.0.40219.1
Project("{FAE04EC0-301F-11D3-BF4B-00C04F79EFBC}") = "AccountOwner", "AccountOwner.csproj", "{2D9F4D0C-77F5-4B76-AC7B-FB885198671B}"
EndProject
Project("{FAE04EC0-301F-11D3-BF4B-00C04F79EFBC}") = "Interfaces", "..\Interfaces\Interfaces.csproj", "{BF70A299-562C-4E57-94B7-CEB040004AA2}"
EndProject
Project("{FAE04EC0-301F-11D3-BF4B-00C04F79EFBC}") = "Entity", "..\Entity\Entity.csproj", "{A0778CFA-F5BC-402A-B204-2733816F8FAE}"
EndProject
Project("{FAE04EC0-301F-11D3-BF4B-00C04F79EFBC}") = "Repository", "..\RepositoryWrapper\Repository.csproj", "{88257C7C-2683-4AB1-93B9-306CE2AAC3BD}"
EndProject
Global
	GlobalSection(SolutionConfigurationPlatforms) = preSolution
		Debug|Any CPU = Debug|Any CPU
		Release|Any CPU = Release|Any CPU
	EndGlobalSection
	GlobalSection(ProjectConfigurationPlatforms) = postSolution
		{2D9F4D0C-77F5-4B76-AC7B-FB885198671B}.Debug|Any CPU.ActiveCfg = Debug|Any CPU
		{2D9F4D0C-77F5-4B76-AC7B-FB885198671B}.Debug|Any CPU.Build.0 = Debug|Any CPU
		{2D9F4D0C-77F5-4B76-AC7B-FB885198671B}.Release|Any CPU.ActiveCfg = Release|Any CPU
		{2D9F4D0C-77F5-4B76-AC7B-FB885198671B}.Release|Any CPU.Build.0 = Release|Any CPU
		{BF70A299-562C-4E57-94B7-CEB040004AA2}.Debug|Any CPU.ActiveCfg = Debug|Any CPU
		{BF70A299-562C-4E57-94B7-CEB040004AA2}.Debug|Any CPU.Build.0 = Debug|Any CPU
		{BF70A299-562C-4E57-94B7-CEB040004AA2}.Release|Any CPU.ActiveCfg = Release|Any CPU
		{BF70A299-562C-4E57-94B7-CEB040004AA2}.Release|Any CPU.Build.0 = Release|Any CPU
		{A0778CFA-F5BC-402A-B204-2733816F8FAE}.Debug|Any CPU.ActiveCfg = Debug|Any CPU
		{A0778CFA-F5BC-402A-B204-2733816F8FAE}.Debug|Any CPU.Build.0 = Debug|Any CPU
		{A0778CFA-F5BC-402A-B204-2733816F8FAE}.Release|Any CPU.ActiveCfg = Release|Any CPU
		{A0778CFA-F5BC-402A-B204-2733816F8FAE}.Release|Any CPU.Build.0 = Release|Any CPU
		{88257C7C-2683-4AB1-93B9-306CE2AAC3BD}.Debug|Any CPU.ActiveCfg = Debug|Any CPU
		{88257C7C-2683-4AB1-93B9-306CE2AAC3BD}.Debug|Any CPU.Build.0 = Debug|Any CPU
		{88257C7C-2683-4AB1-93B9-306CE2AAC3BD}.Release|Any CPU.ActiveCfg = Release|Any CPU
		{88257C7C-2683-4AB1-93B9-306CE2AAC3BD}.Release|Any CPU.Build.0 = Release|Any CPU
	EndGlobalSection
	GlobalSection(SolutionProperties) = preSolution
		HideSolutionNode = FALSE
	EndGlobalSection
	GlobalSection(ExtensibilityGlobals) = postSolution
		SolutionGuid = {EC15B56C-7F62-40A2-9FC2-8D0668B57988}
	EndGlobalSection
EndGlobal
